
Microsoft Visual Studio Solution File, Format Version 12.00
# Visual Studio Version 16
VisualStudioVersion = 16.0.29509.3
MinimumVisualStudioVersion = 10.0.40219.1
Project("{FAE04EC0-301F-11D3-BF4B-00C04F79EFBC}") = "02_Миллионер", "02_Миллионер\02_Миллионер.csproj", "{30347624-2FB1-4672-9D56-400CF0203426}"
EndProject
Project("{54435603-DBB4-11D2-8724-00A0C9A8B90C}") = "Setup1", "Setup1\Setup1.vdproj", "{83CCDBD6-F251-4782-B0E4-1A687736752B}"
EndProject
Global
	GlobalSection(SolutionConfigurationPlatforms) = preSolution
		Debug|Any CPU = Debug|Any CPU
		Release|Any CPU = Release|Any CPU
	EndGlobalSection
	GlobalSection(ProjectConfigurationPlatforms) = postSolution
		{30347624-2FB1-4672-9D56-400CF0203426}.Debug|Any CPU.ActiveCfg = Debug|Any CPU
		{30347624-2FB1-4672-9D56-400CF0203426}.Debug|Any CPU.Build.0 = Debug|Any CPU
		{30347624-2FB1-4672-9D56-400CF0203426}.Release|Any CPU.ActiveCfg = Release|Any CPU
		{30347624-2FB1-4672-9D56-400CF0203426}.Release|Any CPU.Build.0 = Release|Any CPU
		{83CCDBD6-F251-4782-B0E4-1A687736752B}.Debug|Any CPU.ActiveCfg = Debug
		{83CCDBD6-F251-4782-B0E4-1A687736752B}.Release|Any CPU.ActiveCfg = Release
	EndGlobalSection
	GlobalSection(SolutionProperties) = preSolution
		HideSolutionNode = FALSE
	EndGlobalSection
	GlobalSection(ExtensibilityGlobals) = postSolution
		SolutionGuid = {5E12B510-E720-4DD2-9630-F3E9497B42ED}
	EndGlobalSection
EndGlobal
